
Microsoft Visual Studio Solution File, Format Version 12.00
# Visual Studio Version 17
VisualStudioVersion = 17.11.35208.52
MinimumVisualStudioVersion = 10.0.40219.1
Project("{FAE04EC0-301F-11D3-BF4B-00C04F79EFBC}") = "beecrowd1001", "beecrowd1001\beecrowd1001.csproj", "{654598C7-FCE3-4B75-B843-6B1AC810C7E6}"
EndProject
Global
	GlobalSection(SolutionConfigurationPlatforms) = preSolution
		Debug|Any CPU = Debug|Any CPU
		Release|Any CPU = Release|Any CPU
	EndGlobalSection
	GlobalSection(ProjectConfigurationPlatforms) = postSolution
		{654598C7-FCE3-4B75-B843-6B1AC810C7E6}.Debug|Any CPU.ActiveCfg = Debug|Any CPU
		{654598C7-FCE3-4B75-B843-6B1AC810C7E6}.Debug|Any CPU.Build.0 = Debug|Any CPU
		{654598C7-FCE3-4B75-B843-6B1AC810C7E6}.Release|Any CPU.ActiveCfg = Release|Any CPU
		{654598C7-FCE3-4B75-B843-6B1AC810C7E6}.Release|Any CPU.Build.0 = Release|Any CPU
	EndGlobalSection
	GlobalSection(SolutionProperties) = preSolution
		HideSolutionNode = FALSE
	EndGlobalSection
	GlobalSection(ExtensibilityGlobals) = postSolution
		SolutionGuid = {C69371AA-1400-4347-BC7D-FDE8ADF8E015}
	EndGlobalSection
EndGlobal
